
Microsoft Visual Studio Solution File, Format Version 12.00
Project("{FAE04EC0-301F-11D3-BF4B-00C04F79EFBC}") = "Market", "Market\Market.csproj", "{9F1C1E3D-2FA4-434C-9B56-3EC77C0991E5}"
EndProject
Project("{2150E333-8FDC-42A3-9474-1A3956D46DE8}") = "Domain", "Domain", "{35211C1F-72DB-49ED-9F19-3A2CEECEB926}"
EndProject
Project("{FAE04EC0-301F-11D3-BF4B-00C04F79EFBC}") = "Market.Domain", "Market.Domain\Market.Domain.csproj", "{896249C0-4583-430D-81FB-E535B2DC18A5}"
EndProject
Project("{2150E333-8FDC-42A3-9474-1A3956D46DE8}") = "DAL", "DAL", "{94EDF513-25AC-4141-B3D2-78BD8E2D0EBA}"
EndProject
Project("{FAE04EC0-301F-11D3-BF4B-00C04F79EFBC}") = "Market.DAL", "Market.DAL\Market.DAL.csproj", "{B5E076AD-5ECE-474E-91DE-EC764D8B3D49}"
EndProject
Project("{2150E333-8FDC-42A3-9474-1A3956D46DE8}") = "Service", "Service", "{691C3E3E-F2AB-48A1-BCA2-328FE2EC0FCE}"
EndProject
Project("{FAE04EC0-301F-11D3-BF4B-00C04F79EFBC}") = "Market.Service", "Market.Service\Market.Service.csproj", "{C7FA9764-6337-4E11-AD55-AFA0D012B446}"
EndProject
Global
	GlobalSection(SolutionConfigurationPlatforms) = preSolution
		Debug|Any CPU = Debug|Any CPU
		Release|Any CPU = Release|Any CPU
	EndGlobalSection
	GlobalSection(ProjectConfigurationPlatforms) = postSolution
		{9F1C1E3D-2FA4-434C-9B56-3EC77C0991E5}.Debug|Any CPU.ActiveCfg = Debug|Any CPU
		{9F1C1E3D-2FA4-434C-9B56-3EC77C0991E5}.Debug|Any CPU.Build.0 = Debug|Any CPU
		{9F1C1E3D-2FA4-434C-9B56-3EC77C0991E5}.Release|Any CPU.ActiveCfg = Release|Any CPU
		{9F1C1E3D-2FA4-434C-9B56-3EC77C0991E5}.Release|Any CPU.Build.0 = Release|Any CPU
		{896249C0-4583-430D-81FB-E535B2DC18A5}.Debug|Any CPU.ActiveCfg = Debug|Any CPU
		{896249C0-4583-430D-81FB-E535B2DC18A5}.Debug|Any CPU.Build.0 = Debug|Any CPU
		{896249C0-4583-430D-81FB-E535B2DC18A5}.Release|Any CPU.ActiveCfg = Release|Any CPU
		{896249C0-4583-430D-81FB-E535B2DC18A5}.Release|Any CPU.Build.0 = Release|Any CPU
		{B5E076AD-5ECE-474E-91DE-EC764D8B3D49}.Debug|Any CPU.ActiveCfg = Debug|Any CPU
		{B5E076AD-5ECE-474E-91DE-EC764D8B3D49}.Debug|Any CPU.Build.0 = Debug|Any CPU
		{B5E076AD-5ECE-474E-91DE-EC764D8B3D49}.Release|Any CPU.ActiveCfg = Release|Any CPU
		{B5E076AD-5ECE-474E-91DE-EC764D8B3D49}.Release|Any CPU.Build.0 = Release|Any CPU
		{C7FA9764-6337-4E11-AD55-AFA0D012B446}.Debug|Any CPU.ActiveCfg = Debug|Any CPU
		{C7FA9764-6337-4E11-AD55-AFA0D012B446}.Debug|Any CPU.Build.0 = Debug|Any CPU
		{C7FA9764-6337-4E11-AD55-AFA0D012B446}.Release|Any CPU.ActiveCfg = Release|Any CPU
		{C7FA9764-6337-4E11-AD55-AFA0D012B446}.Release|Any CPU.Build.0 = Release|Any CPU
	EndGlobalSection
	GlobalSection(NestedProjects) = preSolution
		{896249C0-4583-430D-81FB-E535B2DC18A5} = {35211C1F-72DB-49ED-9F19-3A2CEECEB926}
		{B5E076AD-5ECE-474E-91DE-EC764D8B3D49} = {94EDF513-25AC-4141-B3D2-78BD8E2D0EBA}
		{C7FA9764-6337-4E11-AD55-AFA0D012B446} = {691C3E3E-F2AB-48A1-BCA2-328FE2EC0FCE}
	EndGlobalSection
EndGlobal
